Microsoft Visual Studio Solution File, Format Version 12.00
# Visual Studio Version 17
VisualStudioVersion = 17.5.2.0
MinimumVisualStudioVersion = 10.0.40219.1
Project("{FAE04EC0-301F-11D3-BF4B-00C04F79EFBC}") = "LiveStreamAppWeb", "LiveStreamAppWeb.csproj", "{24AAFDEE-A7AC-056B-AD2B-3661B5DA9EF8}"
EndProject
Global
	GlobalSection(SolutionConfigurationPlatforms) = preSolution
		Debug|Any CPU = Debug|Any CPU
		Release|Any CPU = Release|Any CPU
	EndGlobalSection
	GlobalSection(ProjectConfigurationPlatforms) = postSolution
		{24AAFDEE-A7AC-056B-AD2B-3661B5DA9EF8}.Debug|Any CPU.ActiveCfg = Debug|Any CPU
		{24AAFDEE-A7AC-056B-AD2B-3661B5DA9EF8}.Debug|Any CPU.Build.0 = Debug|Any CPU
		{24AAFDEE-A7AC-056B-AD2B-3661B5DA9EF8}.Release|Any CPU.ActiveCfg = Release|Any CPU
		{24AAFDEE-A7AC-056B-AD2B-3661B5DA9EF8}.Release|Any CPU.Build.0 = Release|Any CPU
	EndGlobalSection
	GlobalSection(SolutionProperties) = preSolution
		HideSolutionNode = FALSE
	EndGlobalSection
	GlobalSection(ExtensibilityGlobals) = postSolution
		SolutionGuid = {14EE31D0-7C7C-455C-AACC-F47FB436BF7D}
	EndGlobalSection
EndGlobal
